
Microsoft Visual Studio Solution File, Format Version 12.00
# Visual Studio 15
Project("{FAE04EC0-301F-11D3-BF4B-00C04F79EFBC}") = "Zenject", "Zenject.csproj", "{776267C3-284C-A737-3088-F181196DAC35}"
EndProject
Project("{FAE04EC0-301F-11D3-BF4B-00C04F79EFBC}") = "Assembly-CSharp", "Assembly-CSharp.csproj", "{20D35C44-16C9-500A-390A-D64069AC4C18}"
EndProject
Project("{FAE04EC0-301F-11D3-BF4B-00C04F79EFBC}") = "Zenject-PoolMonitor-Editor", "Zenject-PoolMonitor-Editor.csproj", "{16B127F7-333D-3EC4-3BA8-720307981C71}"
EndProject
Project("{FAE04EC0-301F-11D3-BF4B-00C04F79EFBC}") = "Zenject-ReflectionBaking-Editor", "Zenject-ReflectionBaking-Editor.csproj", "{10072467-92F2-9785-8229-F6C1F98138C3}"
EndProject
Project("{FAE04EC0-301F-11D3-BF4B-00C04F79EFBC}") = "Zenject-Editor", "Zenject-Editor.csproj", "{6E8AEA6D-3059-D688-A426-056F074128BE}"
EndProject
Project("{FAE04EC0-301F-11D3-BF4B-00C04F79EFBC}") = "Zenject-TestFramework", "Zenject-TestFramework.csproj", "{645F82B0-E729-AE6B-FBF3-5520114E841A}"
EndProject
Global
	GlobalSection(SolutionConfigurationPlatforms) = preSolution
		Debug|Any CPU = Debug|Any CPU
		Release|Any CPU = Release|Any CPU
	EndGlobalSection
	GlobalSection(ProjectConfigurationPlatforms) = postSolution
		{776267C3-284C-A737-3088-F181196DAC35}.Debug|Any CPU.ActiveCfg = Debug|Any CPU
		{776267C3-284C-A737-3088-F181196DAC35}.Debug|Any CPU.Build.0 = Debug|Any CPU
		{776267C3-284C-A737-3088-F181196DAC35}.Release|Any CPU.ActiveCfg = Release|Any CPU
		{776267C3-284C-A737-3088-F181196DAC35}.Release|Any CPU.Build.0 = Release|Any CPU
		{20D35C44-16C9-500A-390A-D64069AC4C18}.Debug|Any CPU.ActiveCfg = Debug|Any CPU
		{20D35C44-16C9-500A-390A-D64069AC4C18}.Debug|Any CPU.Build.0 = Debug|Any CPU
		{20D35C44-16C9-500A-390A-D64069AC4C18}.Release|Any CPU.ActiveCfg = Release|Any CPU
		{20D35C44-16C9-500A-390A-D64069AC4C18}.Release|Any CPU.Build.0 = Release|Any CPU
		{16B127F7-333D-3EC4-3BA8-720307981C71}.Debug|Any CPU.ActiveCfg = Debug|Any CPU
		{16B127F7-333D-3EC4-3BA8-720307981C71}.Debug|Any CPU.Build.0 = Debug|Any CPU
		{16B127F7-333D-3EC4-3BA8-720307981C71}.Release|Any CPU.ActiveCfg = Release|Any CPU
		{16B127F7-333D-3EC4-3BA8-720307981C71}.Release|Any CPU.Build.0 = Release|Any CPU
		{10072467-92F2-9785-8229-F6C1F98138C3}.Debug|Any CPU.ActiveCfg = Debug|Any CPU
		{10072467-92F2-9785-8229-F6C1F98138C3}.Debug|Any CPU.Build.0 = Debug|Any CPU
		{10072467-92F2-9785-8229-F6C1F98138C3}.Release|Any CPU.ActiveCfg = Release|Any CPU
		{10072467-92F2-9785-8229-F6C1F98138C3}.Release|Any CPU.Build.0 = Release|Any CPU
		{6E8AEA6D-3059-D688-A426-056F074128BE}.Debug|Any CPU.ActiveCfg = Debug|Any CPU
		{6E8AEA6D-3059-D688-A426-056F074128BE}.Debug|Any CPU.Build.0 = Debug|Any CPU
		{6E8AEA6D-3059-D688-A426-056F074128BE}.Release|Any CPU.ActiveCfg = Release|Any CPU
		{6E8AEA6D-3059-D688-A426-056F074128BE}.Release|Any CPU.Build.0 = Release|Any CPU
		{645F82B0-E729-AE6B-FBF3-5520114E841A}.Debug|Any CPU.ActiveCfg = Debug|Any CPU
		{645F82B0-E729-AE6B-FBF3-5520114E841A}.Debug|Any CPU.Build.0 = Debug|Any CPU
		{645F82B0-E729-AE6B-FBF3-5520114E841A}.Release|Any CPU.ActiveCfg = Release|Any CPU
		{645F82B0-E729-AE6B-FBF3-5520114E841A}.Release|Any CPU.Build.0 = Release|Any CPU
	EndGlobalSection
	GlobalSection(SolutionProperties) = preSolution
		HideSolutionNode = FALSE
	EndGlobalSection
EndGlobal
